{
  "name": "remark-pangu",
  "version": "0.0.0-development",
  "lockfileVersion": 1,
  "requires": true,
  "dependencies": {
    "copywriting-correct": {
      "version": "1.0.1",
      "resolved": "https://registry.npmjs.org/copywriting-correct/-/copywriting-correct-1.0.1.tgz",
      "integrity": "sha512-JKPS/fTL/Xwt0j8ZIQWX9UJNrYvZioZZNaVacXaHfuI8+SsvM3epz/LAPesbq2gwnvOhWY6ErhGMzd+CyNaawQ=="
    }
  }
}
